
Microsoft Visual Studio Solution File, Format Version 12.00
# Visual Studio Version 16
VisualStudioVersion = 16.0.32126.315
MinimumVisualStudioVersion = 10.0.40219.1
Project("{FAE04EC0-301F-11D3-BF4B-00C04F79EFBC}") = "Makina_2_Hafta_Ders1", "Makina_2_1\Makina_2_Hafta_Ders1.csproj", "{B6BBE879-CB10-49C3-9B58-3028B81D0782}"
EndProject
Project("{FAE04EC0-301F-11D3-BF4B-00C04F79EFBC}") = "Makina_3_Hafta_1", "Makina_3_Hafta_1\Makina_3_Hafta_1.csproj", "{B7D09FC1-EF6E-4B92-843B-3B3CA6022024}"
EndProject
Project("{FAE04EC0-301F-11D3-BF4B-00C04F79EFBC}") = "Makina_3_Hafta_2", "Makina_3_Hafta_2\Makina_3_Hafta_2.csproj", "{547137F1-2AF7-4721-9409-41A82BDC42C5}"
EndProject
Project("{FAE04EC0-301F-11D3-BF4B-00C04F79EFBC}") = "strToReelandReelToStr", "strToReelandReelToStr\strToReelandReelToStr.csproj", "{93C25058-2E29-47ED-AC19-741BBCB584A4}"
EndProject
Project("{FAE04EC0-301F-11D3-BF4B-00C04F79EFBC}") = "Hafta_4_1", "Hafta_4_1\Hafta_4_1.csproj", "{F936484E-F9CD-4C1B-8257-7BEAF81F59A2}"
EndProject
Global
	GlobalSection(SolutionConfigurationPlatforms) = preSolution
		Debug|Any CPU = Debug|Any CPU
		Release|Any CPU = Release|Any CPU
	EndGlobalSection
	GlobalSection(ProjectConfigurationPlatforms) = postSolution
		{B6BBE879-CB10-49C3-9B58-3028B81D0782}.Debug|Any CPU.ActiveCfg = Debug|Any CPU
		{B6BBE879-CB10-49C3-9B58-3028B81D0782}.Debug|Any CPU.Build.0 = Debug|Any CPU
		{B6BBE879-CB10-49C3-9B58-3028B81D0782}.Release|Any CPU.ActiveCfg = Release|Any CPU
		{B6BBE879-CB10-49C3-9B58-3028B81D0782}.Release|Any CPU.Build.0 = Release|Any CPU
		{B7D09FC1-EF6E-4B92-843B-3B3CA6022024}.Debug|Any CPU.ActiveCfg = Debug|Any CPU
		{B7D09FC1-EF6E-4B92-843B-3B3CA6022024}.Debug|Any CPU.Build.0 = Debug|Any CPU
		{B7D09FC1-EF6E-4B92-843B-3B3CA6022024}.Release|Any CPU.ActiveCfg = Release|Any CPU
		{B7D09FC1-EF6E-4B92-843B-3B3CA6022024}.Release|Any CPU.Build.0 = Release|Any CPU
		{547137F1-2AF7-4721-9409-41A82BDC42C5}.Debug|Any CPU.ActiveCfg = Debug|Any CPU
		{547137F1-2AF7-4721-9409-41A82BDC42C5}.Debug|Any CPU.Build.0 = Debug|Any CPU
		{547137F1-2AF7-4721-9409-41A82BDC42C5}.Release|Any CPU.ActiveCfg = Release|Any CPU
		{547137F1-2AF7-4721-9409-41A82BDC42C5}.Release|Any CPU.Build.0 = Release|Any CPU
		{93C25058-2E29-47ED-AC19-741BBCB584A4}.Debug|Any CPU.ActiveCfg = Debug|Any CPU
		{93C25058-2E29-47ED-AC19-741BBCB584A4}.Debug|Any CPU.Build.0 = Debug|Any CPU
		{93C25058-2E29-47ED-AC19-741BBCB584A4}.Release|Any CPU.ActiveCfg = Release|Any CPU
		{93C25058-2E29-47ED-AC19-741BBCB584A4}.Release|Any CPU.Build.0 = Release|Any CPU
		{F936484E-F9CD-4C1B-8257-7BEAF81F59A2}.Debug|Any CPU.ActiveCfg = Debug|Any CPU
		{F936484E-F9CD-4C1B-8257-7BEAF81F59A2}.Debug|Any CPU.Build.0 = Debug|Any CPU
		{F936484E-F9CD-4C1B-8257-7BEAF81F59A2}.Release|Any CPU.ActiveCfg = Release|Any CPU
		{F936484E-F9CD-4C1B-8257-7BEAF81F59A2}.Release|Any CPU.Build.0 = Release|Any CPU
	EndGlobalSection
	GlobalSection(SolutionProperties) = preSolution
		HideSolutionNode = FALSE
	EndGlobalSection
	GlobalSection(ExtensibilityGlobals) = postSolution
		SolutionGuid = {25376C5B-CFA8-4197-9F08-715647F887EC}
	EndGlobalSection
EndGlobal
